
Microsoft Visual Studio Solution File, Format Version 12.00
# Visual Studio 15
VisualStudioVersion = 15.0.27703.2047
MinimumVisualStudioVersion = 10.0.40219.1
Project("{FAE04EC0-301F-11D3-BF4B-00C04F79EFBC}") = "dieticianAI", "dieticianAI\dieticianAI.csproj", "{371B5CE2-F38C-46EF-B6D1-D8647931B3F5}"
EndProject
Project("{FAE04EC0-301F-11D3-BF4B-00C04F79EFBC}") = "agent", "agent\agent.csproj", "{93D14B9B-2EBA-4772-9386-4D548E1269B2}"
EndProject
Global
	GlobalSection(SolutionConfigurationPlatforms) = preSolution
		Debug|Any CPU = Debug|Any CPU
		Release|Any CPU = Release|Any CPU
	EndGlobalSection
	GlobalSection(ProjectConfigurationPlatforms) = postSolution
		{371B5CE2-F38C-46EF-B6D1-D8647931B3F5}.Debug|Any CPU.ActiveCfg = Debug|Any CPU
		{371B5CE2-F38C-46EF-B6D1-D8647931B3F5}.Debug|Any CPU.Build.0 = Debug|Any CPU
		{371B5CE2-F38C-46EF-B6D1-D8647931B3F5}.Release|Any CPU.ActiveCfg = Release|Any CPU
		{371B5CE2-F38C-46EF-B6D1-D8647931B3F5}.Release|Any CPU.Build.0 = Release|Any CPU
		{93D14B9B-2EBA-4772-9386-4D548E1269B2}.Debug|Any CPU.ActiveCfg = Debug|Any CPU
		{93D14B9B-2EBA-4772-9386-4D548E1269B2}.Debug|Any CPU.Build.0 = Debug|Any CPU
		{93D14B9B-2EBA-4772-9386-4D548E1269B2}.Release|Any CPU.ActiveCfg = Release|Any CPU
		{93D14B9B-2EBA-4772-9386-4D548E1269B2}.Release|Any CPU.Build.0 = Release|Any CPU
	EndGlobalSection
	GlobalSection(SolutionProperties) = preSolution
		HideSolutionNode = FALSE
	EndGlobalSection
	GlobalSection(ExtensibilityGlobals) = postSolution
		SolutionGuid = {8F88F1B3-DD3F-4BD3-83D4-C4922E23599A}
	EndGlobalSection
EndGlobal
